
Microsoft Visual Studio Solution File, Format Version 12.00
# Visual Studio Version 17
VisualStudioVersion = 17.5.002.0
MinimumVisualStudioVersion = 10.0.40219.1
Project("{9A19103F-16F7-4668-BE54-9A1E7A4F7556}") = "Eksamena-Projekts", "Eksamena-Projekts.csproj", "{33A78F10-F652-478D-803A-DCB2A4022297}"
EndProject
Global
	GlobalSection(SolutionConfigurationPlatforms) = preSolution
		Debug|Any CPU = Debug|Any CPU
		Release|Any CPU = Release|Any CPU
	EndGlobalSection
	GlobalSection(ProjectConfigurationPlatforms) = postSolution
		{33A78F10-F652-478D-803A-DCB2A4022297}.Debug|Any CPU.ActiveCfg = Debug|Any CPU
		{33A78F10-F652-478D-803A-DCB2A4022297}.Debug|Any CPU.Build.0 = Debug|Any CPU
		{33A78F10-F652-478D-803A-DCB2A4022297}.Release|Any CPU.ActiveCfg = Release|Any CPU
		{33A78F10-F652-478D-803A-DCB2A4022297}.Release|Any CPU.Build.0 = Release|Any CPU
	EndGlobalSection
	GlobalSection(SolutionProperties) = preSolution
		HideSolutionNode = FALSE
	EndGlobalSection
	GlobalSection(ExtensibilityGlobals) = postSolution
		SolutionGuid = {1B681845-E11D-4BB7-9047-4A1570C34E55}
	EndGlobalSection
EndGlobal
